
Microsoft Visual Studio Solution File, Format Version 12.00
Project("{FAE04EC0-301F-11D3-BF4B-00C04F79EFBC}") = "SheetServices", "src\SheetServices\SheetServices.csproj", "{A0427A59-7744-4DA0-9CD6-64FBB14F86CA}"
EndProject
Project("{FAE04EC0-301F-11D3-BF4B-00C04F79EFBC}") = "SheetModels", "src\SheetModels\SheetModels.csproj", "{655C5FBC-5EC5-4416-B4AB-48AEB0EF006A}"
EndProject
Project("{FAE04EC0-301F-11D3-BF4B-00C04F79EFBC}") = "SheetRanges", "src\SheetRanges\SheetRanges.csproj", "{61AC06D1-032A-4F2C-8BE8-781EFB188981}"
EndProject
Project("{FAE04EC0-301F-11D3-BF4B-00C04F79EFBC}") = "ConsoleApp1", "src\ConsoleApp1\ConsoleApp1.csproj", "{AD2BA08D-4F37-409B-AB19-C8C9D6D76DE1}"
EndProject
Global
	GlobalSection(SolutionConfigurationPlatforms) = preSolution
		Debug|Any CPU = Debug|Any CPU
		Release|Any CPU = Release|Any CPU
	EndGlobalSection
	GlobalSection(ProjectConfigurationPlatforms) = postSolution
		{A0427A59-7744-4DA0-9CD6-64FBB14F86CA}.Debug|Any CPU.ActiveCfg = Debug|Any CPU
		{A0427A59-7744-4DA0-9CD6-64FBB14F86CA}.Debug|Any CPU.Build.0 = Debug|Any CPU
		{A0427A59-7744-4DA0-9CD6-64FBB14F86CA}.Release|Any CPU.ActiveCfg = Release|Any CPU
		{A0427A59-7744-4DA0-9CD6-64FBB14F86CA}.Release|Any CPU.Build.0 = Release|Any CPU
		{655C5FBC-5EC5-4416-B4AB-48AEB0EF006A}.Debug|Any CPU.ActiveCfg = Debug|Any CPU
		{655C5FBC-5EC5-4416-B4AB-48AEB0EF006A}.Debug|Any CPU.Build.0 = Debug|Any CPU
		{655C5FBC-5EC5-4416-B4AB-48AEB0EF006A}.Release|Any CPU.ActiveCfg = Release|Any CPU
		{655C5FBC-5EC5-4416-B4AB-48AEB0EF006A}.Release|Any CPU.Build.0 = Release|Any CPU
		{61AC06D1-032A-4F2C-8BE8-781EFB188981}.Debug|Any CPU.ActiveCfg = Debug|Any CPU
		{61AC06D1-032A-4F2C-8BE8-781EFB188981}.Debug|Any CPU.Build.0 = Debug|Any CPU
		{61AC06D1-032A-4F2C-8BE8-781EFB188981}.Release|Any CPU.ActiveCfg = Release|Any CPU
		{61AC06D1-032A-4F2C-8BE8-781EFB188981}.Release|Any CPU.Build.0 = Release|Any CPU
		{AD2BA08D-4F37-409B-AB19-C8C9D6D76DE1}.Debug|Any CPU.ActiveCfg = Debug|Any CPU
		{AD2BA08D-4F37-409B-AB19-C8C9D6D76DE1}.Debug|Any CPU.Build.0 = Debug|Any CPU
		{AD2BA08D-4F37-409B-AB19-C8C9D6D76DE1}.Release|Any CPU.ActiveCfg = Release|Any CPU
		{AD2BA08D-4F37-409B-AB19-C8C9D6D76DE1}.Release|Any CPU.Build.0 = Release|Any CPU
	EndGlobalSection
	GlobalSection(NestedProjects) = preSolution
	EndGlobalSection
EndGlobal
