
Microsoft Visual Studio Solution File, Format Version 12.00
Project("{FAE04EC0-301F-11D3-BF4B-00C04F79EFBC}") = "Core.SheetIndices", "src\Core.SheetIndices\Core.SheetIndices.csproj", "{9103F44D-8EC8-4AE3-B756-293325B00278}"
EndProject
Global
	GlobalSection(SolutionConfigurationPlatforms) = preSolution
		Debug|Any CPU = Debug|Any CPU
		Release|Any CPU = Release|Any CPU
	EndGlobalSection
	GlobalSection(ProjectConfigurationPlatforms) = postSolution
		{9103F44D-8EC8-4AE3-B756-293325B00278}.Debug|Any CPU.ActiveCfg = Debug|Any CPU
		{9103F44D-8EC8-4AE3-B756-293325B00278}.Debug|Any CPU.Build.0 = Debug|Any CPU
		{9103F44D-8EC8-4AE3-B756-293325B00278}.Release|Any CPU.ActiveCfg = Release|Any CPU
		{9103F44D-8EC8-4AE3-B756-293325B00278}.Release|Any CPU.Build.0 = Release|Any CPU
	EndGlobalSection
EndGlobal
